// !$*UTF8*$!
{
	archiveVersion = 1;
	classes = {
	};
	objectVersion = 50;
	objects = {

/* Begin PBXBuildFile section */
		6D04D86422230DB400F2D234 /* Login.swift in Sources */ = {isa = PBXBuildFile; fileRef = 6D04D86322230DB400F2D234 /* Login.swift */; };
		6D04D86822230DE000F2D234 /* RegistrationData.swift in Sources */ = {isa = PBXBuildFile; fileRef = 6D04D86722230DE000F2D234 /* RegistrationData.swift */; };
		6D04D86C22230E1000F2D234 /* BeneficiaryListData.swift in Sources */ = {isa = PBXBuildFile; fileRef = 6D04D86B22230E1000F2D234 /* BeneficiaryListData.swift */; };
		6D04D87022230E9800F2D234 /* Transaction.swift in Sources */ = {isa = PBXBuildFile; fileRef = 6D04D86F22230E9800F2D234 /* Transaction.swift */; };
		6D04D8742223187200F2D234 /* LoginService.swift in Sources */ = {isa = PBXBuildFile; fileRef = 6D04D8732223187200F2D234 /* LoginService.swift */; };
		6D08B5CF2231309600574E7E /* PaymentLimitationController.swift in Sources */ = {isa = PBXBuildFile; fileRef = 6D08B5CE2231309600574E7E /* PaymentLimitationController.swift */; };
		6D08B5D1223130D000574E7E /* LabelShadow.swift in Sources */ = {isa = PBXBuildFile; fileRef = 6D08B5D0223130D000574E7E /* LabelShadow.swift */; };
		6D2494982217D39700F600C8 /* SWRevealViewController.m in Sources */ = {isa = PBXBuildFile; fileRef = 6D2494962217D39700F600C8 /* SWRevealViewController.m */; };
		6D24949C2217E0FC00F600C8 /* LoginController.swift in Sources */ = {isa = PBXBuildFile; fileRef = 6D24949B2217E0FC00F600C8 /* LoginController.swift */; };
		6D2494A22218166400F600C8 /* Login_verificationController.swift in Sources */ = {isa = PBXBuildFile; fileRef = 6D2494A12218166400F600C8 /* Login_verificationController.swift */; };
		6D2494A42218414600F600C8 /* SidemenuController.swift in Sources */ = {isa = PBXBuildFile; fileRef = 6D2494A32218414600F600C8 /* SidemenuController.swift */; };
		6D2494A62218527E00F600C8 /* GradientView.swift in Sources */ = {isa = PBXBuildFile; fileRef = 6D2494A52218527E00F600C8 /* GradientView.swift */; };
		6D2494A8221863A300F600C8 /* MenuTableViewCell.swift in Sources */ = {isa = PBXBuildFile; fileRef = 6D2494A7221863A300F600C8 /* MenuTableViewCell.swift */; };
		6D58E5182216BE6E00E40D18 /* CustomButtonHalfRounded.swift in Sources */ = {isa = PBXBuildFile; fileRef = 6D58E5172216BE6E00E40D18 /* CustomButtonHalfRounded.swift */; };
		6D649F09221548190038CF0F /* AppDelegate.swift in Sources */ = {isa = PBXBuildFile; fileRef = 6D649F08221548190038CF0F /* AppDelegate.swift */; };
		6D649F0B221548190038CF0F /* GetstartedController.swift in Sources */ = {isa = PBXBuildFile; fileRef = 6D649F0A221548190038CF0F /* GetstartedController.swift */; };
		6D649F0E221548190038CF0F /* Main.storyboard in Resources */ = {isa = PBXBuildFile; fileRef = 6D649F0C221548190038CF0F /* Main.storyboard */; };
		6D649F102215481B0038CF0F /* Assets.xcassets in Resources */ = {isa = PBXBuildFile; fileRef = 6D649F0F2215481B0038CF0F /* Assets.xcassets */; };
		6D649F132215481B0038CF0F /* LaunchScreen.storyboard in Resources */ = {isa = PBXBuildFile; fileRef = 6D649F112215481B0038CF0F /* LaunchScreen.storyboard */; };
		6D6F9DE9222BA7000093560F /* smartremitUITesting.swift in Sources */ = {isa = PBXBuildFile; fileRef = 6D6F9DE8222BA7000093560F /* smartremitUITesting.swift */; };
		6D94A3A522169A6B00D34EFE /* CustomTextFieldHalfRound.swift in Sources */ = {isa = PBXBuildFile; fileRef = 6D94A3A322169A6B00D34EFE /* CustomTextFieldHalfRound.swift */; };
		6D94A3A822169A6B00D34EFE /* CustomButtonRounded.swift in Sources */ = {isa = PBXBuildFile; fileRef = 6D94A3A422169A6B00D34EFE /* CustomButtonRounded.swift */; };
		6D992261221ABADB007BE8D3 /* UploadFileController.swift in Sources */ = {isa = PBXBuildFile; fileRef = 6D992260221ABADB007BE8D3 /* UploadFileController.swift */; };
		6D992263221ACF28007BE8D3 /* BankDetailsController.swift in Sources */ = {isa = PBXBuildFile; fileRef = 6D992262221ACF28007BE8D3 /* BankDetailsController.swift */; };
		6DA744F0221C54BF0001AD72 /* LogoutController.swift in Sources */ = {isa = PBXBuildFile; fileRef = 6DA744EE221C54BF0001AD72 /* LogoutController.swift */; };
		6DA744F1221C54BF0001AD72 /* LogoutController.xib in Resources */ = {isa = PBXBuildFile; fileRef = 6DA744EF221C54BF0001AD72 /* LogoutController.xib */; };
		6DA74531221C68850001AD72 /* CustomLineByView.swift in Sources */ = {isa = PBXBuildFile; fileRef = 6DA74530221C68850001AD72 /* CustomLineByView.swift */; };
		6DA81D26221BCD9800DC82FB /* AddRecipientController.swift in Sources */ = {isa = PBXBuildFile; fileRef = 6DA81D25221BCD9800DC82FB /* AddRecipientController.swift */; };
		6DA81D28221C066C00DC82FB /* CustomTextFieldHalfRoundedClear.swift in Sources */ = {isa = PBXBuildFile; fileRef = 6DA81D27221C066C00DC82FB /* CustomTextFieldHalfRoundedClear.swift */; };
		6DB12DB12219C00B00D8EBE7 /* CustomButtonHalfRoundedPink.swift in Sources */ = {isa = PBXBuildFile; fileRef = 6DB12DB02219C00B00D8EBE7 /* CustomButtonHalfRoundedPink.swift */; };
		6DB12DB52219C24700D8EBE7 /* BeneficiraryListController.swift in Sources */ = {isa = PBXBuildFile; fileRef = 6DB12DB42219C24700D8EBE7 /* BeneficiraryListController.swift */; };
		6DB12DB72219D71300D8EBE7 /* ResetPasswordController.swift in Sources */ = {isa = PBXBuildFile; fileRef = 6DB12DB62219D71300D8EBE7 /* ResetPasswordController.swift */; };
		6DB1446D22218A28004943E2 /* WrongCredentialsXib.swift in Sources */ = {isa = PBXBuildFile; fileRef = 6DB1446B22218A28004943E2 /* WrongCredentialsXib.swift */; };
		6DB1446E22218A28004943E2 /* WrongCredentialsXib.xib in Resources */ = {isa = PBXBuildFile; fileRef = 6DB1446C22218A28004943E2 /* WrongCredentialsXib.xib */; };
		6DB1447E22219A06004943E2 /* login.json in Resources */ = {isa = PBXBuildFile; fileRef = 6DB1447D22219A06004943E2 /* login.json */; };
		6DCFF22E221B0EB900C2C971 /* CustomeImageViewDesign.swift in Sources */ = {isa = PBXBuildFile; fileRef = 6DCFF22D221B0EB900C2C971 /* CustomeImageViewDesign.swift */; };
		6DD01C7F2227005E006CFB5E /* RemittanceSummaryController.swift in Sources */ = {isa = PBXBuildFile; fileRef = 6DD01C7E2227005E006CFB5E /* RemittanceSummaryController.swift */; };
		6DD01C8122270650006CFB5E /* PaymentErrorController.swift in Sources */ = {isa = PBXBuildFile; fileRef = 6DD01C8022270650006CFB5E /* PaymentErrorController.swift */; };
		6DDA27812227D19E008E07E1 /* OptionPopup.storyboard in Resources */ = {isa = PBXBuildFile; fileRef = 6DDA27802227D19E008E07E1 /* OptionPopup.storyboard */; };
		6DDA27832227D77F008E07E1 /* OptionPopupController.swift in Sources */ = {isa = PBXBuildFile; fileRef = 6DDA27822227D77F008E07E1 /* OptionPopupController.swift */; };
		6DFAE8932223D5DF00E4D813 /* Constants.swift in Sources */ = {isa = PBXBuildFile; fileRef = 6DFAE8922223D5DF00E4D813 /* Constants.swift */; };
		D89B0E7222253B91008257F0 /* PaymentConfirmationController.swift in Sources */ = {isa = PBXBuildFile; fileRef = D89B0E7122253B91008257F0 /* PaymentConfirmationController.swift */; };
		ED1AC94F221A8DAF00CAE3F1 /* TableViewCell.swift in Sources */ = {isa = PBXBuildFile; fileRef = ED1AC94E221A8DAF00CAE3F1 /* TableViewCell.swift */; };
/* End PBXBuildFile section */

/* Begin PBXContainerItemProxy section */
		6D6F9DEB222BA7000093560F /* PBXContainerItemProxy */ = {
			isa = PBXContainerItemProxy;
			containerPortal = 6D649EFD221548190038CF0F /* Project object */;
			proxyType = 1;
			remoteGlobalIDString = 6D649F04221548190038CF0F;
			remoteInfo = smartremit;
		};
/* End PBXContainerItemProxy section */

/* Begin PBXFileReference section */
		6D04D86322230DB400F2D234 /* Login.swift */ = {isa = PBXFileReference; lastKnownFileType = sourcecode.swift; path = Login.swift; sourceTree = "<group>"; };
		6D04D86722230DE000F2D234 /* RegistrationData.swift */ = {isa = PBXFileReference; lastKnownFileType = sourcecode.swift; path = RegistrationData.swift; sourceTree = "<group>"; };
		6D04D86B22230E1000F2D234 /* BeneficiaryListData.swift */ = {isa = PBXFileReference; lastKnownFileType = sourcecode.swift; path = BeneficiaryListData.swift; sourceTree = "<group>"; };
		6D04D86F22230E9800F2D234 /* Transaction.swift */ = {isa = PBXFileReference; lastKnownFileType = sourcecode.swift; path = Transaction.swift; sourceTree = "<group>"; };
		6D04D8732223187200F2D234 /* LoginService.swift */ = {isa = PBXFileReference; lastKnownFileType = sourcecode.swift; path = LoginService.swift; sourceTree = "<group>"; };
		6D08B5CE2231309600574E7E /* PaymentLimitationController.swift */ = {isa = PBXFileReference; lastKnownFileType = sourcecode.swift; path = PaymentLimitationController.swift; sourceTree = "<group>"; };
		6D08B5D0223130D000574E7E /* LabelShadow.swift */ = {isa = PBXFileReference; lastKnownFileType = sourcecode.swift; path = LabelShadow.swift; sourceTree = "<group>"; };
		6D2494952217D39600F600C8 /* smartremit-Bridging-Header.h */ = {isa = PBXFileReference; lastKnownFileType = sourcecode.c.h; path = "smartremit-Bridging-Header.h"; sourceTree = "<group>"; };
		6D2494962217D39700F600C8 /* SWRevealViewController.m */ = {isa = PBXFileReference; fileEncoding = 4; lastKnownFileType = sourcecode.c.objc; path = SWRevealViewController.m; sourceTree = "<group>"; };
		6D2494972217D39700F600C8 /* SWRevealViewController.h */ = {isa = PBXFileReference; fileEncoding = 4; lastKnownFileType = sourcecode.c.h; path = SWRevealViewController.h; sourceTree = "<group>"; };
		6D24949B2217E0FC00F600C8 /* LoginController.swift */ = {isa = PBXFileReference; lastKnownFileType = sourcecode.swift; path = LoginController.swift; sourceTree = "<group>"; };
		6D2494A12218166400F600C8 /* Login_verificationController.swift */ = {isa = PBXFileReference; lastKnownFileType = sourcecode.swift; path = Login_verificationController.swift; sourceTree = "<group>"; };
		6D2494A32218414600F600C8 /* SidemenuController.swift */ = {isa = PBXFileReference; lastKnownFileType = sourcecode.swift; path = SidemenuController.swift; sourceTree = "<group>"; };
		6D2494A52218527E00F600C8 /* GradientView.swift */ = {isa = PBXFileReference; lastKnownFileType = sourcecode.swift; path = GradientView.swift; sourceTree = "<group>"; };
		6D2494A7221863A300F600C8 /* MenuTableViewCell.swift */ = {isa = PBXFileReference; lastKnownFileType = sourcecode.swift; path = MenuTableViewCell.swift; sourceTree = "<group>"; };
		6D58E5172216BE6E00E40D18 /* CustomButtonHalfRounded.swift */ = {isa = PBXFileReference; lastKnownFileType = sourcecode.swift; path = CustomButtonHalfRounded.swift; sourceTree = "<group>"; };
		6D649F05221548190038CF0F /* smartremit.app */ = {isa = PBXFileReference; explicitFileType = wrapper.application; includeInIndex = 0; path = smartremit.app; sourceTree = BUILT_PRODUCTS_DIR; };
		6D649F08221548190038CF0F /* AppDelegate.swift */ = {isa = PBXFileReference; lastKnownFileType = sourcecode.swift; path = AppDelegate.swift; sourceTree = "<group>"; };
		6D649F0A221548190038CF0F /* GetstartedController.swift */ = {isa = PBXFileReference; lastKnownFileType = sourcecode.swift; path = GetstartedController.swift; sourceTree = "<group>"; };
		6D649F0D221548190038CF0F /* Base */ = {isa = PBXFileReference; lastKnownFileType = file.storyboard; name = Base; path = Base.lproj/Main.storyboard; sourceTree = "<group>"; };
		6D649F0F2215481B0038CF0F /* Assets.xcassets */ = {isa = PBXFileReference; lastKnownFileType = folder.assetcatalog; path = Assets.xcassets; sourceTree = "<group>"; };
		6D649F122215481B0038CF0F /* Base */ = {isa = PBXFileReference; lastKnownFileType = file.storyboard; name = Base; path = Base.lproj/LaunchScreen.storyboard; sourceTree = "<group>"; };
		6D649F142215481B0038CF0F /* Info.plist */ = {isa = PBXFileReference; lastKnownFileType = text.plist.xml; path = Info.plist; sourceTree = "<group>"; };
		6D6F9DE6222BA6FF0093560F /* smartremitUITesting.xctest */ = {isa = PBXFileReference; explicitFileType = wrapper.cfbundle; includeInIndex = 0; path = smartremitUITesting.xctest; sourceTree = BUILT_PRODUCTS_DIR; };
		6D6F9DE8222BA7000093560F /* smartremitUITesting.swift */ = {isa = PBXFileReference; lastKnownFileType = sourcecode.swift; path = smartremitUITesting.swift; sourceTree = "<group>"; };
		6D6F9DEA222BA7000093560F /* Info.plist */ = {isa = PBXFileReference; lastKnownFileType = text.plist.xml; path = Info.plist; sourceTree = "<group>"; };
		6D94A3A322169A6B00D34EFE /* CustomTextFieldHalfRound.swift */ = {isa = PBXFileReference; fileEncoding = 4; lastKnownFileType = sourcecode.swift; path = CustomTextFieldHalfRound.swift; sourceTree = "<group>"; };
		6D94A3A422169A6B00D34EFE /* CustomButtonRounded.swift */ = {isa = PBXFileReference; fileEncoding = 4; lastKnownFileType = sourcecode.swift; path = CustomButtonRounded.swift; sourceTree = "<group>"; };
		6D992260221ABADB007BE8D3 /* UploadFileController.swift */ = {isa = PBXFileReference; lastKnownFileType = sourcecode.swift; path = UploadFileController.swift; sourceTree = "<group>"; };
		6D992262221ACF28007BE8D3 /* BankDetailsController.swift */ = {isa = PBXFileReference; lastKnownFileType = sourcecode.swift; path = BankDetailsController.swift; sourceTree = "<group>"; };
		6DA744EE221C54BF0001AD72 /* LogoutController.swift */ = {isa = PBXFileReference; lastKnownFileType = sourcecode.swift; path = LogoutController.swift; sourceTree = "<group>"; };
		6DA744EF221C54BF0001AD72 /* LogoutController.xib */ = {isa = PBXFileReference; lastKnownFileType = file.xib; path = LogoutController.xib; sourceTree = "<group>"; };
		6DA74530221C68850001AD72 /* CustomLineByView.swift */ = {isa = PBXFileReference; lastKnownFileType = sourcecode.swift; path = CustomLineByView.swift; sourceTree = "<group>"; };
		6DA81D25221BCD9800DC82FB /* AddRecipientController.swift */ = {isa = PBXFileReference; lastKnownFileType = sourcecode.swift; path = AddRecipientController.swift; sourceTree = "<group>"; };
		6DA81D27221C066C00DC82FB /* CustomTextFieldHalfRoundedClear.swift */ = {isa = PBXFileReference; lastKnownFileType = sourcecode.swift; path = CustomTextFieldHalfRoundedClear.swift; sourceTree = "<group>"; };
		6DB12DB02219C00B00D8EBE7 /* CustomButtonHalfRoundedPink.swift */ = {isa = PBXFileReference; lastKnownFileType = sourcecode.swift; path = CustomButtonHalfRoundedPink.swift; sourceTree = "<group>"; };
		6DB12DB42219C24700D8EBE7 /* BeneficiraryListController.swift */ = {isa = PBXFileReference; lastKnownFileType = sourcecode.swift; path = BeneficiraryListController.swift; sourceTree = "<group>"; };
		6DB12DB62219D71300D8EBE7 /* ResetPasswordController.swift */ = {isa = PBXFileReference; lastKnownFileType = sourcecode.swift; path = ResetPasswordController.swift; sourceTree = "<group>"; };
		6DB1446B22218A28004943E2 /* WrongCredentialsXib.swift */ = {isa = PBXFileReference; lastKnownFileType = sourcecode.swift; path = WrongCredentialsXib.swift; sourceTree = "<group>"; };
		6DB1446C22218A28004943E2 /* WrongCredentialsXib.xib */ = {isa = PBXFileReference; lastKnownFileType = file.xib; path = WrongCredentialsXib.xib; sourceTree = "<group>"; };
		6DB1447D22219A06004943E2 /* login.json */ = {isa = PBXFileReference; fileEncoding = 4; lastKnownFileType = text.json; path = login.json; sourceTree = "<group>"; };
		6DCFF22D221B0EB900C2C971 /* CustomeImageViewDesign.swift */ = {isa = PBXFileReference; lastKnownFileType = sourcecode.swift; path = CustomeImageViewDesign.swift; sourceTree = "<group>"; };
		6DD01C7E2227005E006CFB5E /* RemittanceSummaryController.swift */ = {isa = PBXFileReference; lastKnownFileType = sourcecode.swift; path = RemittanceSummaryController.swift; sourceTree = "<group>"; };
		6DD01C8022270650006CFB5E /* PaymentErrorController.swift */ = {isa = PBXFileReference; lastKnownFileType = sourcecode.swift; path = PaymentErrorController.swift; sourceTree = "<group>"; };
		6DDA27802227D19E008E07E1 /* OptionPopup.storyboard */ = {isa = PBXFileReference; lastKnownFileType = file.storyboard; path = OptionPopup.storyboard; sourceTree = "<group>"; };
		6DDA27822227D77F008E07E1 /* OptionPopupController.swift */ = {isa = PBXFileReference; lastKnownFileType = sourcecode.swift; path = OptionPopupController.swift; sourceTree = "<group>"; };
		6DFAE8922223D5DF00E4D813 /* Constants.swift */ = {isa = PBXFileReference; lastKnownFileType = sourcecode.swift; path = Constants.swift; sourceTree = "<group>"; };
		D89B0E7122253B91008257F0 /* PaymentConfirmationController.swift */ = {isa = PBXFileReference; lastKnownFileType = sourcecode.swift; path = PaymentConfirmationController.swift; sourceTree = "<group>"; };
		ED1AC94E221A8DAF00CAE3F1 /* TableViewCell.swift */ = {isa = PBXFileReference; fileEncoding = 4; lastKnownFileType = sourcecode.swift; path = TableViewCell.swift; sourceTree = "<group>"; };
/* End PBXFileReference section */

/* Begin PBXFrameworksBuildPhase section */
		6D649F02221548190038CF0F /* Frameworks */ = {
			isa = PBXFrameworksBuildPhase;
			buildActionMask = 2147483647;
			files = (
			);
			runOnlyForDeploymentPostprocessing = 0;
		};
		6D6F9DE3222BA6FF0093560F /* Frameworks */ = {
			isa = PBXFrameworksBuildPhase;
			buildActionMask = 2147483647;
			files = (
			);
			runOnlyForDeploymentPostprocessing = 0;
		};
/* End PBXFrameworksBuildPhase section */

/* Begin PBXGroup section */
		6D04D86122230C3F00F2D234 /* Services */ = {
			isa = PBXGroup;
			children = (
				6D04D8732223187200F2D234 /* LoginService.swift */,
			);
			path = Services;
			sourceTree = "<group>";
		};
		6D04D86222230C4900F2D234 /* Utilities */ = {
			isa = PBXGroup;
			children = (
				6DFAE8922223D5DF00E4D813 /* Constants.swift */,
			);
			path = Utilities;
			sourceTree = "<group>";
		};
		6D2494942217D17D00F600C8 /* Supporting_files */ = {
			isa = PBXGroup;
			children = (
				6D2494972217D39700F600C8 /* SWRevealViewController.h */,
				6D2494962217D39700F600C8 /* SWRevealViewController.m */,
				6D2494952217D39600F600C8 /* smartremit-Bridging-Header.h */,
			);
			path = Supporting_files;
			sourceTree = "<group>";
		};
		6D649EFC221548190038CF0F = {
			isa = PBXGroup;
			children = (
				6D649F07221548190038CF0F /* smartremit */,
				6D6F9DE7222BA7000093560F /* smartremitUITesting */,
				6D649F06221548190038CF0F /* Products */,
			);
			sourceTree = "<group>";
		};
		6D649F06221548190038CF0F /* Products */ = {
			isa = PBXGroup;
			children = (
				6D649F05221548190038CF0F /* smartremit.app */,
				6D6F9DE6222BA6FF0093560F /* smartremitUITesting.xctest */,
			);
			name = Products;
			sourceTree = "<group>";
		};
		6D649F07221548190038CF0F /* smartremit */ = {
			isa = PBXGroup;
			children = (
				6D2494942217D17D00F600C8 /* Supporting_files */,
				6DA744ED221C54A20001AD72 /* Xib */,
				6DB1447022219507004943E2 /* Jsonfiles */,
				6D04D86222230C4900F2D234 /* Utilities */,
				6D04D86122230C3F00F2D234 /* Services */,
				ED1AC94D221A83FC00CAE3F1 /* Model */,
				6D649F372215487F0038CF0F /* View */,
				6D649F362215485D0038CF0F /* Controller */,
				6D649F08221548190038CF0F /* AppDelegate.swift */,
				6D649F0C221548190038CF0F /* Main.storyboard */,
				6D649F0F2215481B0038CF0F /* Assets.xcassets */,
				6D649F112215481B0038CF0F /* LaunchScreen.storyboard */,
				6D649F142215481B0038CF0F /* Info.plist */,
				6DDA27802227D19E008E07E1 /* OptionPopup.storyboard */,
			);
			path = smartremit;
			sourceTree = "<group>";
		};
		6D649F362215485D0038CF0F /* Controller */ = {
			isa = PBXGroup;
			children = (
				6D649F0A221548190038CF0F /* GetstartedController.swift */,
				6D24949B2217E0FC00F600C8 /* LoginController.swift */,
				6D2494A12218166400F600C8 /* Login_verificationController.swift */,
				6D2494A32218414600F600C8 /* SidemenuController.swift */,
				6D2494A7221863A300F600C8 /* MenuTableViewCell.swift */,
				6DB12DB42219C24700D8EBE7 /* BeneficiraryListController.swift */,
				6DB12DB62219D71300D8EBE7 /* ResetPasswordController.swift */,
				6D992260221ABADB007BE8D3 /* UploadFileController.swift */,
				6D992262221ACF28007BE8D3 /* BankDetailsController.swift */,
				6DA81D25221BCD9800DC82FB /* AddRecipientController.swift */,
				6DA744EE221C54BF0001AD72 /* LogoutController.swift */,
				6DB1446B22218A28004943E2 /* WrongCredentialsXib.swift */,
				D89B0E7122253B91008257F0 /* PaymentConfirmationController.swift */,
				6DD01C7E2227005E006CFB5E /* RemittanceSummaryController.swift */,
				6DD01C8022270650006CFB5E /* PaymentErrorController.swift */,
				6DDA27822227D77F008E07E1 /* OptionPopupController.swift */,
				6D08B5CE2231309600574E7E /* PaymentLimitationController.swift */,
			);
			path = Controller;
			sourceTree = "<group>";
		};
		6D649F372215487F0038CF0F /* View */ = {
			isa = PBXGroup;
			children = (
				ED1AC94E221A8DAF00CAE3F1 /* TableViewCell.swift */,
				6D94A3A422169A6B00D34EFE /* CustomButtonRounded.swift */,
				6D94A3A322169A6B00D34EFE /* CustomTextFieldHalfRound.swift */,
				6D58E5172216BE6E00E40D18 /* CustomButtonHalfRounded.swift */,
				6D2494A52218527E00F600C8 /* GradientView.swift */,
				6DB12DB02219C00B00D8EBE7 /* CustomButtonHalfRoundedPink.swift */,
				6DCFF22D221B0EB900C2C971 /* CustomeImageViewDesign.swift */,
				6DA81D27221C066C00DC82FB /* CustomTextFieldHalfRoundedClear.swift */,
				6DA74530221C68850001AD72 /* CustomLineByView.swift */,
				6D08B5D0223130D000574E7E /* LabelShadow.swift */,
			);
			path = View;
			sourceTree = "<group>";
		};
		6D6F9DE7222BA7000093560F /* smartremitUITesting */ = {
			isa = PBXGroup;
			children = (
				6D6F9DE8222BA7000093560F /* smartremitUITesting.swift */,
				6D6F9DEA222BA7000093560F /* Info.plist */,
			);
			path = smartremitUITesting;
			sourceTree = "<group>";
		};
		6DA744ED221C54A20001AD72 /* Xib */ = {
			isa = PBXGroup;
			children = (
				6DA744EF221C54BF0001AD72 /* LogoutController.xib */,
				6DB1446C22218A28004943E2 /* WrongCredentialsXib.xib */,
			);
			path = Xib;
			sourceTree = "<group>";
		};
		6DB1447022219507004943E2 /* Jsonfiles */ = {
			isa = PBXGroup;
			children = (
				6DB1447D22219A06004943E2 /* login.json */,
			);
			path = Jsonfiles;
			sourceTree = "<group>";
		};
		ED1AC94D221A83FC00CAE3F1 /* Model */ = {
			isa = PBXGroup;
			children = (
				6D04D86322230DB400F2D234 /* Login.swift */,
				6D04D86722230DE000F2D234 /* RegistrationData.swift */,
				6D04D86B22230E1000F2D234 /* BeneficiaryListData.swift */,
				6D04D86F22230E9800F2D234 /* Transaction.swift */,
			);
			path = Model;
			sourceTree = "<group>";
		};
/* End PBXGroup section */

/* Begin PBXNativeTarget section */
		6D649F04221548190038CF0F /* smartremit */ = {
			isa = PBXNativeTarget;
			buildConfigurationList = 6D649F2D2215481B0038CF0F /* Build configuration list for PBXNativeTarget "smartremit" */;
			buildPhases = (
				6D649F01221548190038CF0F /* Sources */,
				6D649F02221548190038CF0F /* Frameworks */,
				6D649F03221548190038CF0F /* Resources */,
			);
			buildRules = (
			);
			dependencies = (
			);
			name = smartremit;
			productName = "Smart Remit";
			productReference = 6D649F05221548190038CF0F /* smartremit.app */;
			productType = "com.apple.product-type.application";
		};
		6D6F9DE5222BA6FF0093560F /* smartremitUITesting */ = {
			isa = PBXNativeTarget;
			buildConfigurationList = 6D6F9DED222BA7000093560F /* Build configuration list for PBXNativeTarget "smartremitUITesting" */;
			buildPhases = (
				6D6F9DE2222BA6FF0093560F /* Sources */,
				6D6F9DE3222BA6FF0093560F /* Frameworks */,
				6D6F9DE4222BA6FF0093560F /* Resources */,
			);
			buildRules = (
			);
			dependencies = (
				6D6F9DEC222BA7000093560F /* PBXTargetDependency */,
			);
			name = smartremitUITesting;
			productName = smartremitUITesting;
			productReference = 6D6F9DE6222BA6FF0093560F /* smartremitUITesting.xctest */;
			productType = "com.apple.product-type.bundle.ui-testing";
		};
/* End PBXNativeTarget section */

/* Begin PBXProject section */
		6D649EFD221548190038CF0F /* Project object */ = {
			isa = PBXProject;
			attributes = {
				LastSwiftUpdateCheck = 1010;
				LastUpgradeCheck = 1010;
				ORGANIZATIONNAME = NazTech;
				TargetAttributes = {
					6D649F04221548190038CF0F = {
						CreatedOnToolsVersion = 10.1;
						LastSwiftMigration = 1010;
					};
					6D6F9DE5222BA6FF0093560F = {
						CreatedOnToolsVersion = 10.1;
						TestTargetID = 6D649F04221548190038CF0F;
					};
				};
			};
			buildConfigurationList = 6D649F00221548190038CF0F /* Build configuration list for PBXProject "smartremit" */;
			compatibilityVersion = "Xcode 9.3";
			developmentRegion = en;
			hasScannedForEncodings = 0;
			knownRegions = (
				en,
				Base,
			);
			mainGroup = 6D649EFC221548190038CF0F;
			productRefGroup = 6D649F06221548190038CF0F /* Products */;
			projectDirPath = "";
			projectRoot = "";
			targets = (
				6D649F04221548190038CF0F /* smartremit */,
				6D6F9DE5222BA6FF0093560F /* smartremitUITesting */,
			);
		};
/* End PBXProject section */

/* Begin PBXResourcesBuildPhase section */
		6D649F03221548190038CF0F /* Resources */ = {
			isa = PBXResourcesBuildPhase;
			buildActionMask = 2147483647;
			files = (
				6DDA27812227D19E008E07E1 /* OptionPopup.storyboard in Resources */,
				6D649F132215481B0038CF0F /* LaunchScreen.storyboard in Resources */,
				6D649F102215481B0038CF0F /* Assets.xcassets in Resources */,
				6DB1446E22218A28004943E2 /* WrongCredentialsXib.xib in Resources */,
				6D649F0E221548190038CF0F /* Main.storyboard in Resources */,
				6DA744F1221C54BF0001AD72 /* LogoutController.xib in Resources */,
				6DB1447E22219A06004943E2 /* login.json in Resources */,
			);
			runOnlyForDeploymentPostprocessing = 0;
		};
		6D6F9DE4222BA6FF0093560F /* Resources */ = {
			isa = PBXResourcesBuildPhase;
			buildActionMask = 2147483647;
			files = (
			);
			runOnlyForDeploymentPostprocessing = 0;
		};
/* End PBXResourcesBuildPhase section */

/* Begin PBXSourcesBuildPhase section */
		6D649F01221548190038CF0F /* Sources */ = {
			isa = PBXSourcesBuildPhase;
			buildActionMask = 2147483647;
			files = (
				6DA74531221C68850001AD72 /* CustomLineByView.swift in Sources */,
				6D992263221ACF28007BE8D3 /* BankDetailsController.swift in Sources */,
				ED1AC94F221A8DAF00CAE3F1 /* TableViewCell.swift in Sources */,
				6DD01C8122270650006CFB5E /* PaymentErrorController.swift in Sources */,
				D89B0E7222253B91008257F0 /* PaymentConfirmationController.swift in Sources */,
				6DA744F0221C54BF0001AD72 /* LogoutController.swift in Sources */,
				6D94A3A822169A6B00D34EFE /* CustomButtonRounded.swift in Sources */,
				6DFAE8932223D5DF00E4D813 /* Constants.swift in Sources */,
				6D94A3A522169A6B00D34EFE /* CustomTextFieldHalfRound.swift in Sources */,
				6D04D87022230E9800F2D234 /* Transaction.swift in Sources */,
				6D2494A62218527E00F600C8 /* GradientView.swift in Sources */,
				6DB12DB12219C00B00D8EBE7 /* CustomButtonHalfRoundedPink.swift in Sources */,
				6D649F0B221548190038CF0F /* GetstartedController.swift in Sources */,
				6D649F09221548190038CF0F /* AppDelegate.swift in Sources */,
				6D04D86422230DB400F2D234 /* Login.swift in Sources */,
				6D2494A22218166400F600C8 /* Login_verificationController.swift in Sources */,
				6D58E5182216BE6E00E40D18 /* CustomButtonHalfRounded.swift in Sources */,
				6D08B5CF2231309600574E7E /* PaymentLimitationController.swift in Sources */,
				6DA81D28221C066C00DC82FB /* CustomTextFieldHalfRoundedClear.swift in Sources */,
				6DB12DB72219D71300D8EBE7 /* ResetPasswordController.swift in Sources */,
				6DDA27832227D77F008E07E1 /* OptionPopupController.swift in Sources */,
				6D04D86822230DE000F2D234 /* RegistrationData.swift in Sources */,
				6DB1446D22218A28004943E2 /* WrongCredentialsXib.swift in Sources */,
				6D992261221ABADB007BE8D3 /* UploadFileController.swift in Sources */,
				6D2494982217D39700F600C8 /* SWRevealViewController.m in Sources */,
				6D24949C2217E0FC00F600C8 /* LoginController.swift in Sources */,
				6D04D86C22230E1000F2D234 /* BeneficiaryListData.swift in Sources */,
				6D2494A42218414600F600C8 /* SidemenuController.swift in Sources */,
				6D2494A8221863A300F600C8 /* MenuTableViewCell.swift in Sources */,
				6DB12DB52219C24700D8EBE7 /* BeneficiraryListController.swift in Sources */,
				6DCFF22E221B0EB900C2C971 /* CustomeImageViewDesign.swift in Sources */,
				6D08B5D1223130D000574E7E /* LabelShadow.swift in Sources */,
				6DD01C7F2227005E006CFB5E /* RemittanceSummaryController.swift in Sources */,
				6DA81D26221BCD9800DC82FB /* AddRecipientController.swift in Sources */,
				6D04D8742223187200F2D234 /* LoginService.swift in Sources */,
			);
			runOnlyForDeploymentPostprocessing = 0;
		};
		6D6F9DE2222BA6FF0093560F /* Sources */ = {
			isa = PBXSourcesBuildPhase;
			buildActionMask = 2147483647;
			files = (
				6D6F9DE9222BA7000093560F /* smartremitUITesting.swift in Sources */,
			);
			runOnlyForDeploymentPostprocessing = 0;
		};
/* End PBXSourcesBuildPhase section */

/* Begin PBXTargetDependency section */
		6D6F9DEC222BA7000093560F /* PBXTargetDependency */ = {
			isa = PBXTargetDependency;
			target = 6D649F04221548190038CF0F /* smartremit */;
			targetProxy = 6D6F9DEB222BA7000093560F /* PBXContainerItemProxy */;
		};
/* End PBXTargetDependency section */

/* Begin PBXVariantGroup section */
		6D649F0C221548190038CF0F /* Main.storyboard */ = {
			isa = PBXVariantGroup;
			children = (
				6D649F0D221548190038CF0F /* Base */,
			);
			name = Main.storyboard;
			sourceTree = "<group>";
		};
		6D649F112215481B0038CF0F /* LaunchScreen.storyboard */ = {
			isa = PBXVariantGroup;
			children = (
				6D649F122215481B0038CF0F /* Base */,
			);
			name = LaunchScreen.storyboard;
			sourceTree = "<group>";
		};
/* End PBXVariantGroup section */

/* Begin XCBuildConfiguration section */
		6D649F2B2215481B0038CF0F /* Debug */ = {
			isa = XCBuildConfiguration;
			buildSettings = {
				ALWAYS_SEARCH_USER_PATHS = NO;
				CLANG_ANALYZER_NONNULL = YES;
				CLANG_ANALYZER_NUMBER_OBJECT_CONVERSION = YES_AGGRESSIVE;
				CLANG_CXX_LANGUAGE_STANDARD = "gnu++14";
				CLANG_CXX_LIBRARY = "libc++";
				CLANG_ENABLE_MODULES = YES;
				CLANG_ENABLE_OBJC_ARC = YES;
				CLANG_ENABLE_OBJC_WEAK = YES;
				CLANG_WARN_BLOCK_CAPTURE_AUTORELEASING = YES;
				CLANG_WARN_BOOL_CONVERSION = YES;
				CLANG_WARN_COMMA = YES;
				CLANG_WARN_CONSTANT_CONVERSION = YES;
				CLANG_WARN_DEPRECATED_OBJC_IMPLEMENTATIONS = YES;
				CLANG_WARN_DIRECT_OBJC_ISA_USAGE = YES_ERROR;
				CLANG_WARN_DOCUMENTATION_COMMENTS = YES;
				CLANG_WARN_EMPTY_BODY = YES;
				CLANG_WARN_ENUM_CONVERSION = YES;
				CLANG_WARN_INFINITE_RECURSION = YES;
				CLANG_WARN_INT_CONVERSION = YES;
				CLANG_WARN_NON_LITERAL_NULL_CONVERSION = YES;
				CLANG_WARN_OBJC_IMPLICIT_RETAIN_SELF = YES;
				CLANG_WARN_OBJC_LITERAL_CONVERSION = YES;
				CLANG_WARN_OBJC_ROOT_CLASS = YES_ERROR;
				CLANG_WARN_RANGE_LOOP_ANALYSIS = YES;
				CLANG_WARN_STRICT_PROTOTYPES = YES;
				CLANG_WARN_SUSPICIOUS_MOVE = YES;
				CLANG_WARN_UNGUARDED_AVAILABILITY = YES_AGGRESSIVE;
				CLANG_WARN_UNREACHABLE_CODE = YES;
				CLANG_WARN__DUPLICATE_METHOD_MATCH = YES;
				CODE_SIGN_IDENTITY = "iPhone Developer";
				COPY_PHASE_STRIP = NO;
				DEBUG_INFORMATION_FORMAT = dwarf;
				ENABLE_STRICT_OBJC_MSGSEND = YES;
				ENABLE_TESTABILITY = YES;
				GCC_C_LANGUAGE_STANDARD = gnu11;
				GCC_DYNAMIC_NO_PIC = NO;
				GCC_NO_COMMON_BLOCKS = YES;
				GCC_OPTIMIZATION_LEVEL = 0;
				GCC_PREPROCESSOR_DEFINITIONS = (
					"DEBUG=1",
					"$(inherited)",
				);
				GCC_WARN_64_TO_32_BIT_CONVERSION = YES;
				GCC_WARN_ABOUT_RETURN_TYPE = YES_ERROR;
				GCC_WARN_UNDECLARED_SELECTOR = YES;
				GCC_WARN_UNINITIALIZED_AUTOS = YES_AGGRESSIVE;
				GCC_WARN_UNUSED_FUNCTION = YES;
				GCC_WARN_UNUSED_VARIABLE = YES;
				IPHONEOS_DEPLOYMENT_TARGET = 12.1;
				MTL_ENABLE_DEBUG_INFO = INCLUDE_SOURCE;
				MTL_FAST_MATH = YES;
				ONLY_ACTIVE_ARCH = YES;
				SDKROOT = iphoneos;
				SWIFT_ACTIVE_COMPILATION_CONDITIONS = DEBUG;
				SWIFT_OPTIMIZATION_LEVEL = "-Onone";
			};
			name = Debug;
		};
		6D649F2C2215481B0038CF0F /* Release */ = {
			isa = XCBuildConfiguration;
			buildSettings = {
				ALWAYS_SEARCH_USER_PATHS = NO;
				CLANG_ANALYZER_NONNULL = YES;
				CLANG_ANALYZER_NUMBER_OBJECT_CONVERSION = YES_AGGRESSIVE;
				CLANG_CXX_LANGUAGE_STANDARD = "gnu++14";
				CLANG_CXX_LIBRARY = "libc++";
				CLANG_ENABLE_MODULES = YES;
				CLANG_ENABLE_OBJC_ARC = YES;
				CLANG_ENABLE_OBJC_WEAK = YES;
				CLANG_WARN_BLOCK_CAPTURE_AUTORELEASING = YES;
				CLANG_WARN_BOOL_CONVERSION = YES;
				CLANG_WARN_COMMA = YES;
				CLANG_WARN_CONSTANT_CONVERSION = YES;
				CLANG_WARN_DEPRECATED_OBJC_IMPLEMENTATIONS = YES;
				CLANG_WARN_DIRECT_OBJC_ISA_USAGE = YES_ERROR;
				CLANG_WARN_DOCUMENTATION_COMMENTS = YES;
				CLANG_WARN_EMPTY_BODY = YES;
				CLANG_WARN_ENUM_CONVERSION = YES;
				CLANG_WARN_INFINITE_RECURSION = YES;
				CLANG_WARN_INT_CONVERSION = YES;
				CLANG_WARN_NON_LITERAL_NULL_CONVERSION = YES;
				CLANG_WARN_OBJC_IMPLICIT_RETAIN_SELF = YES;
				CLANG_WARN_OBJC_LITERAL_CONVERSION = YES;
				CLANG_WARN_OBJC_ROOT_CLASS = YES_ERROR;
				CLANG_WARN_RANGE_LOOP_ANALYSIS = YES;
				CLANG_WARN_STRICT_PROTOTYPES = YES;
				CLANG_WARN_SUSPICIOUS_MOVE = YES;
				CLANG_WARN_UNGUARDED_AVAILABILITY = YES_AGGRESSIVE;
				CLANG_WARN_UNREACHABLE_CODE = YES;
				CLANG_WARN__DUPLICATE_METHOD_MATCH = YES;
				CODE_SIGN_IDENTITY = "iPhone Developer";
				COPY_PHASE_STRIP = NO;
				DEBUG_INFORMATION_FORMAT = "dwarf-with-dsym";
				ENABLE_NS_ASSERTIONS = NO;
				ENABLE_STRICT_OBJC_MSGSEND = YES;
				GCC_C_LANGUAGE_STANDARD = gnu11;
				GCC_NO_COMMON_BLOCKS = YES;
				GCC_WARN_64_TO_32_BIT_CONVERSION = YES;
				GCC_WARN_ABOUT_RETURN_TYPE = YES_ERROR;
				GCC_WARN_UNDECLARED_SELECTOR = YES;
				GCC_WARN_UNINITIALIZED_AUTOS = YES_AGGRESSIVE;
				GCC_WARN_UNUSED_FUNCTION = YES;
				GCC_WARN_UNUSED_VARIABLE = YES;
				IPHONEOS_DEPLOYMENT_TARGET = 12.1;
				MTL_ENABLE_DEBUG_INFO = NO;
				MTL_FAST_MATH = YES;
				SDKROOT = iphoneos;
				SWIFT_COMPILATION_MODE = wholemodule;
				SWIFT_OPTIMIZATION_LEVEL = "-O";
				VALIDATE_PRODUCT = YES;
			};
			name = Release;
		};
		6D649F2E2215481B0038CF0F /* Debug */ = {
			isa = XCBuildConfiguration;
			buildSettings = {
				ASSETCATALOG_COMPILER_APPICON_NAME = AppIcon;
				CLANG_ENABLE_MODULES = YES;
				CODE_SIGN_IDENTITY = "iPhone Developer";
				CODE_SIGN_STYLE = Automatic;
				DEVELOPMENT_TEAM = HT45Q4UQMV;
				INFOPLIST_FILE = smartremit/Info.plist;
				IPHONEOS_DEPLOYMENT_TARGET = 12.1;
				LD_RUNPATH_SEARCH_PATHS = (
					"$(inherited)",
					"@executable_path/Frameworks",
				);
				PRODUCT_BUNDLE_IDENTIFIER = com.naztech.smartremit;
				PRODUCT_NAME = "$(TARGET_NAME)";
				PROVISIONING_PROFILE_SPECIFIER = "";
				SWIFT_OBJC_BRIDGING_HEADER = "smartremit/Supporting_files/smartremit-Bridging-Header.h";
				SWIFT_OPTIMIZATION_LEVEL = "-Onone";
				SWIFT_VERSION = 4.2;
				TARGETED_DEVICE_FAMILY = "1,2";
			};
			name = Debug;
		};
		6D649F2F2215481B0038CF0F /* Release */ = {
			isa = XCBuildConfiguration;
			buildSettings = {
				ASSETCATALOG_COMPILER_APPICON_NAME = AppIcon;
				CLANG_ENABLE_MODULES = YES;
				CODE_SIGN_IDENTITY = "iPhone Developer";
				CODE_SIGN_STYLE = Automatic;
				DEVELOPMENT_TEAM = HT45Q4UQMV;
				INFOPLIST_FILE = smartremit/Info.plist;
				IPHONEOS_DEPLOYMENT_TARGET = 12.1;
				LD_RUNPATH_SEARCH_PATHS = (
					"$(inherited)",
					"@executable_path/Frameworks",
				);
				PRODUCT_BUNDLE_IDENTIFIER = com.naztech.smartremit;
				PRODUCT_NAME = "$(TARGET_NAME)";
				PROVISIONING_PROFILE_SPECIFIER = "";
				SWIFT_OBJC_BRIDGING_HEADER = "smartremit/Supporting_files/smartremit-Bridging-Header.h";
				SWIFT_VERSION = 4.2;
				TARGETED_DEVICE_FAMILY = "1,2";
			};
			name = Release;
		};
		6D6F9DEE222BA7000093560F /* Debug */ = {
			isa = XCBuildConfiguration;
			buildSettings = {
				CODE_SIGN_STYLE = Automatic;
				INFOPLIST_FILE = smartremitUITesting/Info.plist;
				LD_RUNPATH_SEARCH_PATHS = (
					"$(inherited)",
					"@executable_path/Frameworks",
					"@loader_path/Frameworks",
				);
				PRODUCT_BUNDLE_IDENTIFIER = com.naztech.smartremitUITesting;
				PRODUCT_NAME = "$(TARGET_NAME)";
				SWIFT_VERSION = 4.2;
				TARGETED_DEVICE_FAMILY = "1,2";
				TEST_TARGET_NAME = smartremit;
			};
			name = Debug;
		};
		6D6F9DEF222BA7000093560F /* Release */ = {
			isa = XCBuildConfiguration;
			buildSettings = {
				CODE_SIGN_STYLE = Automatic;
				INFOPLIST_FILE = smartremitUITesting/Info.plist;
				LD_RUNPATH_SEARCH_PATHS = (
					"$(inherited)",
					"@executable_path/Frameworks",
					"@loader_path/Frameworks",
				);
				PRODUCT_BUNDLE_IDENTIFIER = com.naztech.smartremitUITesting;
				PRODUCT_NAME = "$(TARGET_NAME)";
				SWIFT_VERSION = 4.2;
				TARGETED_DEVICE_FAMILY = "1,2";
				TEST_TARGET_NAME = smartremit;
			};
			name = Release;
		};
/* End XCBuildConfiguration section */

/* Begin XCConfigurationList section */
		6D649F00221548190038CF0F /* Build configuration list for PBXProject "smartremit" */ = {
			isa = XCConfigurationList;
			buildConfigurations = (
				6D649F2B2215481B0038CF0F /* Debug */,
				6D649F2C2215481B0038CF0F /* Release */,
			);
			defaultConfigurationIsVisible = 0;
			defaultConfigurationName = Release;
		};
		6D649F2D2215481B0038CF0F /* Build configuration list for PBXNativeTarget "smartremit" */ = {
			isa = XCConfigurationList;
			buildConfigurations = (
				6D649F2E2215481B0038CF0F /* Debug */,
				6D649F2F2215481B0038CF0F /* Release */,
			);
			defaultConfigurationIsVisible = 0;
			defaultConfigurationName = Release;
		};
		6D6F9DED222BA7000093560F /* Build configuration list for PBXNativeTarget "smartremitUITesting" */ = {
			isa = XCConfigurationList;
			buildConfigurations = (
				6D6F9DEE222BA7000093560F /* Debug */,
				6D6F9DEF222BA7000093560F /* Release */,
			);
			defaultConfigurationIsVisible = 0;
			defaultConfigurationName = Release;
		};
/* End XCConfigurationList section */
	};
	rootObject = 6D649EFD221548190038CF0F /* Project object */;
}
